
Microsoft Visual Studio Solution File, Format Version 12.00
# Visual Studio Version 17
VisualStudioVersion = 17.6.33513.286
MinimumVisualStudioVersion = 10.0.40219.1
Project("{FAE04EC0-301F-11D3-BF4B-00C04F79EFBC}") = "NossoChat.UWP", "src\NossoChat.UWP\NossoChat.UWP.csproj", "{D1B0DA6C-F686-49BE-88AB-FDAB7C58BB8E}"
EndProject
Project("{FAE04EC0-301F-11D3-BF4B-00C04F79EFBC}") = "NossoChat.Android", "src\NossoChat.Android\NossoChat.Android.csproj", "{B5561231-7CD5-4AF4-A06D-AF3D0AE343BC}"
EndProject
Project("{FAE04EC0-301F-11D3-BF4B-00C04F79EFBC}") = "NossoChat.iOS", "src\NossoChat.iOS\NossoChat.iOS.csproj", "{7689AFFB-D6D4-4653-B8A6-55C3B1444357}"
EndProject
Project("{FAE04EC0-301F-11D3-BF4B-00C04F79EFBC}") = "NossoChat", "src\NossoChat\NossoChat.csproj", "{B879DD9B-7DEC-4900-8EDC-84866C8AADA2}"
EndProject
Global
	GlobalSection(SolutionConfigurationPlatforms) = preSolution
		Debug|Any CPU = Debug|Any CPU
		Debug|ARM = Debug|ARM
		Debug|iPhone = Debug|iPhone
		Debug|iPhoneSimulator = Debug|iPhoneSimulator
		Debug|x64 = Debug|x64
		Debug|x86 = Debug|x86
		Release|Any CPU = Release|Any CPU
		Release|ARM = Release|ARM
		Release|iPhone = Release|iPhone
		Release|iPhoneSimulator = Release|iPhoneSimulator
		Release|x64 = Release|x64
		Release|x86 = Release|x86
	EndGlobalSection
	GlobalSection(ProjectConfigurationPlatforms) = postSolution
		{D1B0DA6C-F686-49BE-88AB-FDAB7C58BB8E}.Debug|Any CPU.ActiveCfg = Debug|x64
		{D1B0DA6C-F686-49BE-88AB-FDAB7C58BB8E}.Debug|Any CPU.Build.0 = Debug|x64
		{D1B0DA6C-F686-49BE-88AB-FDAB7C58BB8E}.Debug|Any CPU.Deploy.0 = Debug|x64
		{D1B0DA6C-F686-49BE-88AB-FDAB7C58BB8E}.Debug|ARM.ActiveCfg = Debug|ARM
		{D1B0DA6C-F686-49BE-88AB-FDAB7C58BB8E}.Debug|ARM.Build.0 = Debug|ARM
		{D1B0DA6C-F686-49BE-88AB-FDAB7C58BB8E}.Debug|ARM.Deploy.0 = Debug|ARM
		{D1B0DA6C-F686-49BE-88AB-FDAB7C58BB8E}.Debug|iPhone.ActiveCfg = Debug|x64
		{D1B0DA6C-F686-49BE-88AB-FDAB7C58BB8E}.Debug|iPhone.Build.0 = Debug|x64
		{D1B0DA6C-F686-49BE-88AB-FDAB7C58BB8E}.Debug|iPhone.Deploy.0 = Debug|x64
		{D1B0DA6C-F686-49BE-88AB-FDAB7C58BB8E}.Debug|iPhoneSimulator.ActiveCfg = Debug|x64
		{D1B0DA6C-F686-49BE-88AB-FDAB7C58BB8E}.Debug|iPhoneSimulator.Build.0 = Debug|x64
		{D1B0DA6C-F686-49BE-88AB-FDAB7C58BB8E}.Debug|iPhoneSimulator.Deploy.0 = Debug|x64
		{D1B0DA6C-F686-49BE-88AB-FDAB7C58BB8E}.Debug|x64.ActiveCfg = Debug|x64
		{D1B0DA6C-F686-49BE-88AB-FDAB7C58BB8E}.Debug|x64.Build.0 = Debug|x64
		{D1B0DA6C-F686-49BE-88AB-FDAB7C58BB8E}.Debug|x64.Deploy.0 = Debug|x64
		{D1B0DA6C-F686-49BE-88AB-FDAB7C58BB8E}.Debug|x86.ActiveCfg = Debug|x86
		{D1B0DA6C-F686-49BE-88AB-FDAB7C58BB8E}.Debug|x86.Build.0 = Debug|x86
		{D1B0DA6C-F686-49BE-88AB-FDAB7C58BB8E}.Debug|x86.Deploy.0 = Debug|x86
		{D1B0DA6C-F686-49BE-88AB-FDAB7C58BB8E}.Release|Any CPU.ActiveCfg = Release|x64
		{D1B0DA6C-F686-49BE-88AB-FDAB7C58BB8E}.Release|Any CPU.Build.0 = Release|x64
		{D1B0DA6C-F686-49BE-88AB-FDAB7C58BB8E}.Release|Any CPU.Deploy.0 = Release|x64
		{D1B0DA6C-F686-49BE-88AB-FDAB7C58BB8E}.Release|ARM.ActiveCfg = Release|ARM
		{D1B0DA6C-F686-49BE-88AB-FDAB7C58BB8E}.Release|ARM.Build.0 = Release|ARM
		{D1B0DA6C-F686-49BE-88AB-FDAB7C58BB8E}.Release|ARM.Deploy.0 = Release|ARM
		{D1B0DA6C-F686-49BE-88AB-FDAB7C58BB8E}.Release|iPhone.ActiveCfg = Release|x64
		{D1B0DA6C-F686-49BE-88AB-FDAB7C58BB8E}.Release|iPhone.Build.0 = Release|x64
		{D1B0DA6C-F686-49BE-88AB-FDAB7C58BB8E}.Release|iPhone.Deploy.0 = Release|x64
		{D1B0DA6C-F686-49BE-88AB-FDAB7C58BB8E}.Release|iPhoneSimulator.ActiveCfg = Release|x64
		{D1B0DA6C-F686-49BE-88AB-FDAB7C58BB8E}.Release|iPhoneSimulator.Build.0 = Release|x64
		{D1B0DA6C-F686-49BE-88AB-FDAB7C58BB8E}.Release|iPhoneSimulator.Deploy.0 = Release|x64
		{D1B0DA6C-F686-49BE-88AB-FDAB7C58BB8E}.Release|x64.ActiveCfg = Release|x64
		{D1B0DA6C-F686-49BE-88AB-FDAB7C58BB8E}.Release|x64.Build.0 = Release|x64
		{D1B0DA6C-F686-49BE-88AB-FDAB7C58BB8E}.Release|x64.Deploy.0 = Release|x64
		{D1B0DA6C-F686-49BE-88AB-FDAB7C58BB8E}.Release|x86.ActiveCfg = Release|x86
		{D1B0DA6C-F686-49BE-88AB-FDAB7C58BB8E}.Release|x86.Build.0 = Release|x86
		{D1B0DA6C-F686-49BE-88AB-FDAB7C58BB8E}.Release|x86.Deploy.0 = Release|x86
		{B5561231-7CD5-4AF4-A06D-AF3D0AE343BC}.Debug|Any CPU.ActiveCfg = Debug|Any CPU
		{B5561231-7CD5-4AF4-A06D-AF3D0AE343BC}.Debug|Any CPU.Build.0 = Debug|Any CPU
		{B5561231-7CD5-4AF4-A06D-AF3D0AE343BC}.Debug|Any CPU.Deploy.0 = Debug|Any CPU
		{B5561231-7CD5-4AF4-A06D-AF3D0AE343BC}.Debug|ARM.ActiveCfg = Debug|Any CPU
		{B5561231-7CD5-4AF4-A06D-AF3D0AE343BC}.Debug|ARM.Build.0 = Debug|Any CPU
		{B5561231-7CD5-4AF4-A06D-AF3D0AE343BC}.Debug|ARM.Deploy.0 = Debug|Any CPU
		{B5561231-7CD5-4AF4-A06D-AF3D0AE343BC}.Debug|iPhone.ActiveCfg = Debug|Any CPU
		{B5561231-7CD5-4AF4-A06D-AF3D0AE343BC}.Debug|iPhone.Build.0 = Debug|Any CPU
		{B5561231-7CD5-4AF4-A06D-AF3D0AE343BC}.Debug|iPhone.Deploy.0 = Debug|Any CPU
		{B5561231-7CD5-4AF4-A06D-AF3D0AE343BC}.Debug|iPhoneSimulator.ActiveCfg = Debug|Any CPU
		{B5561231-7CD5-4AF4-A06D-AF3D0AE343BC}.Debug|iPhoneSimulator.Build.0 = Debug|Any CPU
		{B5561231-7CD5-4AF4-A06D-AF3D0AE343BC}.Debug|iPhoneSimulator.Deploy.0 = Debug|Any CPU
		{B5561231-7CD5-4AF4-A06D-AF3D0AE343BC}.Debug|x64.ActiveCfg = Debug|Any CPU
		{B5561231-7CD5-4AF4-A06D-AF3D0AE343BC}.Debug|x64.Build.0 = Debug|Any CPU
		{B5561231-7CD5-4AF4-A06D-AF3D0AE343BC}.Debug|x64.Deploy.0 = Debug|Any CPU
		{B5561231-7CD5-4AF4-A06D-AF3D0AE343BC}.Debug|x86.ActiveCfg = Debug|Any CPU
		{B5561231-7CD5-4AF4-A06D-AF3D0AE343BC}.Debug|x86.Build.0 = Debug|Any CPU
		{B5561231-7CD5-4AF4-A06D-AF3D0AE343BC}.Debug|x86.Deploy.0 = Debug|Any CPU
		{B5561231-7CD5-4AF4-A06D-AF3D0AE343BC}.Release|Any CPU.ActiveCfg = Release|Any CPU
		{B5561231-7CD5-4AF4-A06D-AF3D0AE343BC}.Release|Any CPU.Build.0 = Release|Any CPU
		{B5561231-7CD5-4AF4-A06D-AF3D0AE343BC}.Release|Any CPU.Deploy.0 = Release|Any CPU
		{B5561231-7CD5-4AF4-A06D-AF3D0AE343BC}.Release|ARM.ActiveCfg = Release|Any CPU
		{B5561231-7CD5-4AF4-A06D-AF3D0AE343BC}.Release|ARM.Build.0 = Release|Any CPU
		{B5561231-7CD5-4AF4-A06D-AF3D0AE343BC}.Release|ARM.Deploy.0 = Release|Any CPU
		{B5561231-7CD5-4AF4-A06D-AF3D0AE343BC}.Release|iPhone.ActiveCfg = Release|Any CPU
		{B5561231-7CD5-4AF4-A06D-AF3D0AE343BC}.Release|iPhone.Build.0 = Release|Any CPU
		{B5561231-7CD5-4AF4-A06D-AF3D0AE343BC}.Release|iPhone.Deploy.0 = Release|Any CPU
		{B5561231-7CD5-4AF4-A06D-AF3D0AE343BC}.Release|iPhoneSimulator.ActiveCfg = Release|Any CPU
		{B5561231-7CD5-4AF4-A06D-AF3D0AE343BC}.Release|iPhoneSimulator.Build.0 = Release|Any CPU
		{B5561231-7CD5-4AF4-A06D-AF3D0AE343BC}.Release|iPhoneSimulator.Deploy.0 = Release|Any CPU
		{B5561231-7CD5-4AF4-A06D-AF3D0AE343BC}.Release|x64.ActiveCfg = Release|Any CPU
		{B5561231-7CD5-4AF4-A06D-AF3D0AE343BC}.Release|x64.Build.0 = Release|Any CPU
		{B5561231-7CD5-4AF4-A06D-AF3D0AE343BC}.Release|x64.Deploy.0 = Release|Any CPU
		{B5561231-7CD5-4AF4-A06D-AF3D0AE343BC}.Release|x86.ActiveCfg = Release|Any CPU
		{B5561231-7CD5-4AF4-A06D-AF3D0AE343BC}.Release|x86.Build.0 = Release|Any CPU
		{B5561231-7CD5-4AF4-A06D-AF3D0AE343BC}.Release|x86.Deploy.0 = Release|Any CPU
		{7689AFFB-D6D4-4653-B8A6-55C3B1444357}.Debug|Any CPU.ActiveCfg = Debug|iPhoneSimulator
		{7689AFFB-D6D4-4653-B8A6-55C3B1444357}.Debug|Any CPU.Build.0 = Debug|iPhoneSimulator
		{7689AFFB-D6D4-4653-B8A6-55C3B1444357}.Debug|Any CPU.Deploy.0 = Debug|iPhoneSimulator
		{7689AFFB-D6D4-4653-B8A6-55C3B1444357}.Debug|ARM.ActiveCfg = Debug|iPhoneSimulator
		{7689AFFB-D6D4-4653-B8A6-55C3B1444357}.Debug|ARM.Build.0 = Debug|iPhoneSimulator
		{7689AFFB-D6D4-4653-B8A6-55C3B1444357}.Debug|ARM.Deploy.0 = Debug|iPhoneSimulator
		{7689AFFB-D6D4-4653-B8A6-55C3B1444357}.Debug|iPhone.ActiveCfg = Debug|iPhone
		{7689AFFB-D6D4-4653-B8A6-55C3B1444357}.Debug|iPhone.Build.0 = Debug|iPhone
		{7689AFFB-D6D4-4653-B8A6-55C3B1444357}.Debug|iPhone.Deploy.0 = Debug|iPhone
		{7689AFFB-D6D4-4653-B8A6-55C3B1444357}.Debug|iPhoneSimulator.ActiveCfg = Debug|iPhoneSimulator
		{7689AFFB-D6D4-4653-B8A6-55C3B1444357}.Debug|iPhoneSimulator.Build.0 = Debug|iPhoneSimulator
		{7689AFFB-D6D4-4653-B8A6-55C3B1444357}.Debug|iPhoneSimulator.Deploy.0 = Debug|iPhoneSimulator
		{7689AFFB-D6D4-4653-B8A6-55C3B1444357}.Debug|x64.ActiveCfg = Debug|iPhone
		{7689AFFB-D6D4-4653-B8A6-55C3B1444357}.Debug|x64.Build.0 = Debug|iPhone
		{7689AFFB-D6D4-4653-B8A6-55C3B1444357}.Debug|x64.Deploy.0 = Debug|iPhone
		{7689AFFB-D6D4-4653-B8A6-55C3B1444357}.Debug|x86.ActiveCfg = Debug|iPhoneSimulator
		{7689AFFB-D6D4-4653-B8A6-55C3B1444357}.Debug|x86.Build.0 = Debug|iPhoneSimulator
		{7689AFFB-D6D4-4653-B8A6-55C3B1444357}.Debug|x86.Deploy.0 = Debug|iPhoneSimulator
		{7689AFFB-D6D4-4653-B8A6-55C3B1444357}.Release|Any CPU.ActiveCfg = Release|iPhoneSimulator
		{7689AFFB-D6D4-4653-B8A6-55C3B1444357}.Release|Any CPU.Build.0 = Release|iPhoneSimulator
		{7689AFFB-D6D4-4653-B8A6-55C3B1444357}.Release|Any CPU.Deploy.0 = Release|iPhoneSimulator
		{7689AFFB-D6D4-4653-B8A6-55C3B1444357}.Release|ARM.ActiveCfg = Release|iPhoneSimulator
		{7689AFFB-D6D4-4653-B8A6-55C3B1444357}.Release|ARM.Build.0 = Release|iPhoneSimulator
		{7689AFFB-D6D4-4653-B8A6-55C3B1444357}.Release|ARM.Deploy.0 = Release|iPhoneSimulator
		{7689AFFB-D6D4-4653-B8A6-55C3B1444357}.Release|iPhone.ActiveCfg = Release|iPhone
		{7689AFFB-D6D4-4653-B8A6-55C3B1444357}.Release|iPhone.Build.0 = Release|iPhone
		{7689AFFB-D6D4-4653-B8A6-55C3B1444357}.Release|iPhone.Deploy.0 = Release|iPhone
		{7689AFFB-D6D4-4653-B8A6-55C3B1444357}.Release|iPhoneSimulator.ActiveCfg = Release|iPhoneSimulator
		{7689AFFB-D6D4-4653-B8A6-55C3B1444357}.Release|iPhoneSimulator.Build.0 = Release|iPhoneSimulator
		{7689AFFB-D6D4-4653-B8A6-55C3B1444357}.Release|iPhoneSimulator.Deploy.0 = Release|iPhoneSimulator
		{7689AFFB-D6D4-4653-B8A6-55C3B1444357}.Release|x64.ActiveCfg = Release|iPhoneSimulator
		{7689AFFB-D6D4-4653-B8A6-55C3B1444357}.Release|x64.Build.0 = Release|iPhoneSimulator
		{7689AFFB-D6D4-4653-B8A6-55C3B1444357}.Release|x64.Deploy.0 = Release|iPhoneSimulator
		{7689AFFB-D6D4-4653-B8A6-55C3B1444357}.Release|x86.ActiveCfg = Release|iPhoneSimulator
		{7689AFFB-D6D4-4653-B8A6-55C3B1444357}.Release|x86.Build.0 = Release|iPhoneSimulator
		{7689AFFB-D6D4-4653-B8A6-55C3B1444357}.Release|x86.Deploy.0 = Release|iPhoneSimulator
		{B879DD9B-7DEC-4900-8EDC-84866C8AADA2}.Debug|Any CPU.ActiveCfg = Debug|Any CPU
		{B879DD9B-7DEC-4900-8EDC-84866C8AADA2}.Debug|Any CPU.Build.0 = Debug|Any CPU
		{B879DD9B-7DEC-4900-8EDC-84866C8AADA2}.Debug|Any CPU.Deploy.0 = Debug|Any CPU
		{B879DD9B-7DEC-4900-8EDC-84866C8AADA2}.Debug|ARM.ActiveCfg = Debug|Any CPU
		{B879DD9B-7DEC-4900-8EDC-84866C8AADA2}.Debug|ARM.Build.0 = Debug|Any CPU
		{B879DD9B-7DEC-4900-8EDC-84866C8AADA2}.Debug|ARM.Deploy.0 = Debug|Any CPU
		{B879DD9B-7DEC-4900-8EDC-84866C8AADA2}.Debug|iPhone.ActiveCfg = Debug|Any CPU
		{B879DD9B-7DEC-4900-8EDC-84866C8AADA2}.Debug|iPhone.Build.0 = Debug|Any CPU
		{B879DD9B-7DEC-4900-8EDC-84866C8AADA2}.Debug|iPhone.Deploy.0 = Debug|Any CPU
		{B879DD9B-7DEC-4900-8EDC-84866C8AADA2}.Debug|iPhoneSimulator.ActiveCfg = Debug|Any CPU
		{B879DD9B-7DEC-4900-8EDC-84866C8AADA2}.Debug|iPhoneSimulator.Build.0 = Debug|Any CPU
		{B879DD9B-7DEC-4900-8EDC-84866C8AADA2}.Debug|iPhoneSimulator.Deploy.0 = Debug|Any CPU
		{B879DD9B-7DEC-4900-8EDC-84866C8AADA2}.Debug|x64.ActiveCfg = Debug|Any CPU
		{B879DD9B-7DEC-4900-8EDC-84866C8AADA2}.Debug|x64.Build.0 = Debug|Any CPU
		{B879DD9B-7DEC-4900-8EDC-84866C8AADA2}.Debug|x64.Deploy.0 = Debug|Any CPU
		{B879DD9B-7DEC-4900-8EDC-84866C8AADA2}.Debug|x86.ActiveCfg = Debug|Any CPU
		{B879DD9B-7DEC-4900-8EDC-84866C8AADA2}.Debug|x86.Build.0 = Debug|Any CPU
		{B879DD9B-7DEC-4900-8EDC-84866C8AADA2}.Debug|x86.Deploy.0 = Debug|Any CPU
		{B879DD9B-7DEC-4900-8EDC-84866C8AADA2}.Release|Any CPU.ActiveCfg = Release|Any CPU
		{B879DD9B-7DEC-4900-8EDC-84866C8AADA2}.Release|Any CPU.Build.0 = Release|Any CPU
		{B879DD9B-7DEC-4900-8EDC-84866C8AADA2}.Release|Any CPU.Deploy.0 = Release|Any CPU
		{B879DD9B-7DEC-4900-8EDC-84866C8AADA2}.Release|ARM.ActiveCfg = Release|Any CPU
		{B879DD9B-7DEC-4900-8EDC-84866C8AADA2}.Release|ARM.Build.0 = Release|Any CPU
		{B879DD9B-7DEC-4900-8EDC-84866C8AADA2}.Release|ARM.Deploy.0 = Release|Any CPU
		{B879DD9B-7DEC-4900-8EDC-84866C8AADA2}.Release|iPhone.ActiveCfg = Release|Any CPU
		{B879DD9B-7DEC-4900-8EDC-84866C8AADA2}.Release|iPhone.Build.0 = Release|Any CPU
		{B879DD9B-7DEC-4900-8EDC-84866C8AADA2}.Release|iPhone.Deploy.0 = Release|Any CPU
		{B879DD9B-7DEC-4900-8EDC-84866C8AADA2}.Release|iPhoneSimulator.ActiveCfg = Release|Any CPU
		{B879DD9B-7DEC-4900-8EDC-84866C8AADA2}.Release|iPhoneSimulator.Build.0 = Release|Any CPU
		{B879DD9B-7DEC-4900-8EDC-84866C8AADA2}.Release|iPhoneSimulator.Deploy.0 = Release|Any CPU
		{B879DD9B-7DEC-4900-8EDC-84866C8AADA2}.Release|x64.ActiveCfg = Release|Any CPU
		{B879DD9B-7DEC-4900-8EDC-84866C8AADA2}.Release|x64.Build.0 = Release|Any CPU
		{B879DD9B-7DEC-4900-8EDC-84866C8AADA2}.Release|x64.Deploy.0 = Release|Any CPU
		{B879DD9B-7DEC-4900-8EDC-84866C8AADA2}.Release|x86.ActiveCfg = Release|Any CPU
		{B879DD9B-7DEC-4900-8EDC-84866C8AADA2}.Release|x86.Build.0 = Release|Any CPU
		{B879DD9B-7DEC-4900-8EDC-84866C8AADA2}.Release|x86.Deploy.0 = Release|Any CPU
	EndGlobalSection
	GlobalSection(SolutionProperties) = preSolution
		HideSolutionNode = FALSE
	EndGlobalSection
	GlobalSection(ExtensibilityGlobals) = postSolution
		SolutionGuid = {2E674129-A852-42B8-94CB-5CBAE627610F}
	EndGlobalSection
EndGlobal
