
Microsoft Visual Studio Solution File, Format Version 12.00
# Visual Studio Version 17
VisualStudioVersion = 17.6.33513.286
MinimumVisualStudioVersion = 10.0.40219.1
Project("{FAE04EC0-301F-11D3-BF4B-00C04F79EFBC}") = "Vagas.UWP", "src\Vagas.UWP\Vagas.UWP.csproj", "{A7F1511D-5194-48E1-A06A-D3219D675906}"
EndProject
Project("{FAE04EC0-301F-11D3-BF4B-00C04F79EFBC}") = "Vagas.Android", "src\Vagas.Android\Vagas.Android.csproj", "{564838EE-936D-4751-AD16-8BA4B9177158}"
EndProject
Project("{FAE04EC0-301F-11D3-BF4B-00C04F79EFBC}") = "Vagas.iOS", "src\Vagas.iOS\Vagas.iOS.csproj", "{34206588-727C-4309-8B8D-EAF8C4704D6A}"
EndProject
Project("{FAE04EC0-301F-11D3-BF4B-00C04F79EFBC}") = "Vagas", "src\Vagas\Vagas.csproj", "{F036F230-3F69-409B-A2C5-6C8A1844A3BB}"
EndProject
Global
	GlobalSection(SolutionConfigurationPlatforms) = preSolution
		Debug|Any CPU = Debug|Any CPU
		Debug|ARM = Debug|ARM
		Debug|iPhone = Debug|iPhone
		Debug|iPhoneSimulator = Debug|iPhoneSimulator
		Debug|x64 = Debug|x64
		Debug|x86 = Debug|x86
		Release|Any CPU = Release|Any CPU
		Release|ARM = Release|ARM
		Release|iPhone = Release|iPhone
		Release|iPhoneSimulator = Release|iPhoneSimulator
		Release|x64 = Release|x64
		Release|x86 = Release|x86
	EndGlobalSection
	GlobalSection(ProjectConfigurationPlatforms) = postSolution
		{A7F1511D-5194-48E1-A06A-D3219D675906}.Debug|Any CPU.ActiveCfg = Debug|x64
		{A7F1511D-5194-48E1-A06A-D3219D675906}.Debug|Any CPU.Build.0 = Debug|x64
		{A7F1511D-5194-48E1-A06A-D3219D675906}.Debug|Any CPU.Deploy.0 = Debug|x64
		{A7F1511D-5194-48E1-A06A-D3219D675906}.Debug|ARM.ActiveCfg = Debug|ARM
		{A7F1511D-5194-48E1-A06A-D3219D675906}.Debug|ARM.Build.0 = Debug|ARM
		{A7F1511D-5194-48E1-A06A-D3219D675906}.Debug|ARM.Deploy.0 = Debug|ARM
		{A7F1511D-5194-48E1-A06A-D3219D675906}.Debug|iPhone.ActiveCfg = Debug|x64
		{A7F1511D-5194-48E1-A06A-D3219D675906}.Debug|iPhone.Build.0 = Debug|x64
		{A7F1511D-5194-48E1-A06A-D3219D675906}.Debug|iPhone.Deploy.0 = Debug|x64
		{A7F1511D-5194-48E1-A06A-D3219D675906}.Debug|iPhoneSimulator.ActiveCfg = Debug|x64
		{A7F1511D-5194-48E1-A06A-D3219D675906}.Debug|iPhoneSimulator.Build.0 = Debug|x64
		{A7F1511D-5194-48E1-A06A-D3219D675906}.Debug|iPhoneSimulator.Deploy.0 = Debug|x64
		{A7F1511D-5194-48E1-A06A-D3219D675906}.Debug|x64.ActiveCfg = Debug|x64
		{A7F1511D-5194-48E1-A06A-D3219D675906}.Debug|x64.Build.0 = Debug|x64
		{A7F1511D-5194-48E1-A06A-D3219D675906}.Debug|x64.Deploy.0 = Debug|x64
		{A7F1511D-5194-48E1-A06A-D3219D675906}.Debug|x86.ActiveCfg = Debug|x86
		{A7F1511D-5194-48E1-A06A-D3219D675906}.Debug|x86.Build.0 = Debug|x86
		{A7F1511D-5194-48E1-A06A-D3219D675906}.Debug|x86.Deploy.0 = Debug|x86
		{A7F1511D-5194-48E1-A06A-D3219D675906}.Release|Any CPU.ActiveCfg = Release|x64
		{A7F1511D-5194-48E1-A06A-D3219D675906}.Release|Any CPU.Build.0 = Release|x64
		{A7F1511D-5194-48E1-A06A-D3219D675906}.Release|Any CPU.Deploy.0 = Release|x64
		{A7F1511D-5194-48E1-A06A-D3219D675906}.Release|ARM.ActiveCfg = Release|ARM
		{A7F1511D-5194-48E1-A06A-D3219D675906}.Release|ARM.Build.0 = Release|ARM
		{A7F1511D-5194-48E1-A06A-D3219D675906}.Release|ARM.Deploy.0 = Release|ARM
		{A7F1511D-5194-48E1-A06A-D3219D675906}.Release|iPhone.ActiveCfg = Release|x64
		{A7F1511D-5194-48E1-A06A-D3219D675906}.Release|iPhone.Build.0 = Release|x64
		{A7F1511D-5194-48E1-A06A-D3219D675906}.Release|iPhone.Deploy.0 = Release|x64
		{A7F1511D-5194-48E1-A06A-D3219D675906}.Release|iPhoneSimulator.ActiveCfg = Release|x64
		{A7F1511D-5194-48E1-A06A-D3219D675906}.Release|iPhoneSimulator.Build.0 = Release|x64
		{A7F1511D-5194-48E1-A06A-D3219D675906}.Release|iPhoneSimulator.Deploy.0 = Release|x64
		{A7F1511D-5194-48E1-A06A-D3219D675906}.Release|x64.ActiveCfg = Release|x64
		{A7F1511D-5194-48E1-A06A-D3219D675906}.Release|x64.Build.0 = Release|x64
		{A7F1511D-5194-48E1-A06A-D3219D675906}.Release|x64.Deploy.0 = Release|x64
		{A7F1511D-5194-48E1-A06A-D3219D675906}.Release|x86.ActiveCfg = Release|x86
		{A7F1511D-5194-48E1-A06A-D3219D675906}.Release|x86.Build.0 = Release|x86
		{A7F1511D-5194-48E1-A06A-D3219D675906}.Release|x86.Deploy.0 = Release|x86
		{564838EE-936D-4751-AD16-8BA4B9177158}.Debug|Any CPU.ActiveCfg = Debug|Any CPU
		{564838EE-936D-4751-AD16-8BA4B9177158}.Debug|Any CPU.Build.0 = Debug|Any CPU
		{564838EE-936D-4751-AD16-8BA4B9177158}.Debug|Any CPU.Deploy.0 = Debug|Any CPU
		{564838EE-936D-4751-AD16-8BA4B9177158}.Debug|ARM.ActiveCfg = Debug|Any CPU
		{564838EE-936D-4751-AD16-8BA4B9177158}.Debug|ARM.Build.0 = Debug|Any CPU
		{564838EE-936D-4751-AD16-8BA4B9177158}.Debug|ARM.Deploy.0 = Debug|Any CPU
		{564838EE-936D-4751-AD16-8BA4B9177158}.Debug|iPhone.ActiveCfg = Debug|Any CPU
		{564838EE-936D-4751-AD16-8BA4B9177158}.Debug|iPhone.Build.0 = Debug|Any CPU
		{564838EE-936D-4751-AD16-8BA4B9177158}.Debug|iPhone.Deploy.0 = Debug|Any CPU
		{564838EE-936D-4751-AD16-8BA4B9177158}.Debug|iPhoneSimulator.ActiveCfg = Debug|Any CPU
		{564838EE-936D-4751-AD16-8BA4B9177158}.Debug|iPhoneSimulator.Build.0 = Debug|Any CPU
		{564838EE-936D-4751-AD16-8BA4B9177158}.Debug|iPhoneSimulator.Deploy.0 = Debug|Any CPU
		{564838EE-936D-4751-AD16-8BA4B9177158}.Debug|x64.ActiveCfg = Debug|Any CPU
		{564838EE-936D-4751-AD16-8BA4B9177158}.Debug|x64.Build.0 = Debug|Any CPU
		{564838EE-936D-4751-AD16-8BA4B9177158}.Debug|x64.Deploy.0 = Debug|Any CPU
		{564838EE-936D-4751-AD16-8BA4B9177158}.Debug|x86.ActiveCfg = Debug|Any CPU
		{564838EE-936D-4751-AD16-8BA4B9177158}.Debug|x86.Build.0 = Debug|Any CPU
		{564838EE-936D-4751-AD16-8BA4B9177158}.Debug|x86.Deploy.0 = Debug|Any CPU
		{564838EE-936D-4751-AD16-8BA4B9177158}.Release|Any CPU.ActiveCfg = Release|Any CPU
		{564838EE-936D-4751-AD16-8BA4B9177158}.Release|Any CPU.Build.0 = Release|Any CPU
		{564838EE-936D-4751-AD16-8BA4B9177158}.Release|Any CPU.Deploy.0 = Release|Any CPU
		{564838EE-936D-4751-AD16-8BA4B9177158}.Release|ARM.ActiveCfg = Release|Any CPU
		{564838EE-936D-4751-AD16-8BA4B9177158}.Release|ARM.Build.0 = Release|Any CPU
		{564838EE-936D-4751-AD16-8BA4B9177158}.Release|ARM.Deploy.0 = Release|Any CPU
		{564838EE-936D-4751-AD16-8BA4B9177158}.Release|iPhone.ActiveCfg = Release|Any CPU
		{564838EE-936D-4751-AD16-8BA4B9177158}.Release|iPhone.Build.0 = Release|Any CPU
		{564838EE-936D-4751-AD16-8BA4B9177158}.Release|iPhone.Deploy.0 = Release|Any CPU
		{564838EE-936D-4751-AD16-8BA4B9177158}.Release|iPhoneSimulator.ActiveCfg = Release|Any CPU
		{564838EE-936D-4751-AD16-8BA4B9177158}.Release|iPhoneSimulator.Build.0 = Release|Any CPU
		{564838EE-936D-4751-AD16-8BA4B9177158}.Release|iPhoneSimulator.Deploy.0 = Release|Any CPU
		{564838EE-936D-4751-AD16-8BA4B9177158}.Release|x64.ActiveCfg = Release|Any CPU
		{564838EE-936D-4751-AD16-8BA4B9177158}.Release|x64.Build.0 = Release|Any CPU
		{564838EE-936D-4751-AD16-8BA4B9177158}.Release|x64.Deploy.0 = Release|Any CPU
		{564838EE-936D-4751-AD16-8BA4B9177158}.Release|x86.ActiveCfg = Release|Any CPU
		{564838EE-936D-4751-AD16-8BA4B9177158}.Release|x86.Build.0 = Release|Any CPU
		{564838EE-936D-4751-AD16-8BA4B9177158}.Release|x86.Deploy.0 = Release|Any CPU
		{34206588-727C-4309-8B8D-EAF8C4704D6A}.Debug|Any CPU.ActiveCfg = Debug|iPhoneSimulator
		{34206588-727C-4309-8B8D-EAF8C4704D6A}.Debug|Any CPU.Build.0 = Debug|iPhoneSimulator
		{34206588-727C-4309-8B8D-EAF8C4704D6A}.Debug|Any CPU.Deploy.0 = Debug|iPhoneSimulator
		{34206588-727C-4309-8B8D-EAF8C4704D6A}.Debug|ARM.ActiveCfg = Debug|iPhoneSimulator
		{34206588-727C-4309-8B8D-EAF8C4704D6A}.Debug|ARM.Build.0 = Debug|iPhoneSimulator
		{34206588-727C-4309-8B8D-EAF8C4704D6A}.Debug|ARM.Deploy.0 = Debug|iPhoneSimulator
		{34206588-727C-4309-8B8D-EAF8C4704D6A}.Debug|iPhone.ActiveCfg = Debug|iPhone
		{34206588-727C-4309-8B8D-EAF8C4704D6A}.Debug|iPhone.Build.0 = Debug|iPhone
		{34206588-727C-4309-8B8D-EAF8C4704D6A}.Debug|iPhone.Deploy.0 = Debug|iPhone
		{34206588-727C-4309-8B8D-EAF8C4704D6A}.Debug|iPhoneSimulator.ActiveCfg = Debug|iPhoneSimulator
		{34206588-727C-4309-8B8D-EAF8C4704D6A}.Debug|iPhoneSimulator.Build.0 = Debug|iPhoneSimulator
		{34206588-727C-4309-8B8D-EAF8C4704D6A}.Debug|iPhoneSimulator.Deploy.0 = Debug|iPhoneSimulator
		{34206588-727C-4309-8B8D-EAF8C4704D6A}.Debug|x64.ActiveCfg = Debug|iPhone
		{34206588-727C-4309-8B8D-EAF8C4704D6A}.Debug|x64.Build.0 = Debug|iPhone
		{34206588-727C-4309-8B8D-EAF8C4704D6A}.Debug|x64.Deploy.0 = Debug|iPhone
		{34206588-727C-4309-8B8D-EAF8C4704D6A}.Debug|x86.ActiveCfg = Debug|iPhoneSimulator
		{34206588-727C-4309-8B8D-EAF8C4704D6A}.Debug|x86.Build.0 = Debug|iPhoneSimulator
		{34206588-727C-4309-8B8D-EAF8C4704D6A}.Debug|x86.Deploy.0 = Debug|iPhoneSimulator
		{34206588-727C-4309-8B8D-EAF8C4704D6A}.Release|Any CPU.ActiveCfg = Release|iPhoneSimulator
		{34206588-727C-4309-8B8D-EAF8C4704D6A}.Release|Any CPU.Build.0 = Release|iPhoneSimulator
		{34206588-727C-4309-8B8D-EAF8C4704D6A}.Release|Any CPU.Deploy.0 = Release|iPhoneSimulator
		{34206588-727C-4309-8B8D-EAF8C4704D6A}.Release|ARM.ActiveCfg = Release|iPhoneSimulator
		{34206588-727C-4309-8B8D-EAF8C4704D6A}.Release|ARM.Build.0 = Release|iPhoneSimulator
		{34206588-727C-4309-8B8D-EAF8C4704D6A}.Release|ARM.Deploy.0 = Release|iPhoneSimulator
		{34206588-727C-4309-8B8D-EAF8C4704D6A}.Release|iPhone.ActiveCfg = Release|iPhone
		{34206588-727C-4309-8B8D-EAF8C4704D6A}.Release|iPhone.Build.0 = Release|iPhone
		{34206588-727C-4309-8B8D-EAF8C4704D6A}.Release|iPhone.Deploy.0 = Release|iPhone
		{34206588-727C-4309-8B8D-EAF8C4704D6A}.Release|iPhoneSimulator.ActiveCfg = Release|iPhoneSimulator
		{34206588-727C-4309-8B8D-EAF8C4704D6A}.Release|iPhoneSimulator.Build.0 = Release|iPhoneSimulator
		{34206588-727C-4309-8B8D-EAF8C4704D6A}.Release|iPhoneSimulator.Deploy.0 = Release|iPhoneSimulator
		{34206588-727C-4309-8B8D-EAF8C4704D6A}.Release|x64.ActiveCfg = Release|iPhoneSimulator
		{34206588-727C-4309-8B8D-EAF8C4704D6A}.Release|x64.Build.0 = Release|iPhoneSimulator
		{34206588-727C-4309-8B8D-EAF8C4704D6A}.Release|x64.Deploy.0 = Release|iPhoneSimulator
		{34206588-727C-4309-8B8D-EAF8C4704D6A}.Release|x86.ActiveCfg = Release|iPhoneSimulator
		{34206588-727C-4309-8B8D-EAF8C4704D6A}.Release|x86.Build.0 = Release|iPhoneSimulator
		{34206588-727C-4309-8B8D-EAF8C4704D6A}.Release|x86.Deploy.0 = Release|iPhoneSimulator
		{F036F230-3F69-409B-A2C5-6C8A1844A3BB}.Debug|Any CPU.ActiveCfg = Debug|Any CPU
		{F036F230-3F69-409B-A2C5-6C8A1844A3BB}.Debug|Any CPU.Build.0 = Debug|Any CPU
		{F036F230-3F69-409B-A2C5-6C8A1844A3BB}.Debug|Any CPU.Deploy.0 = Debug|Any CPU
		{F036F230-3F69-409B-A2C5-6C8A1844A3BB}.Debug|ARM.ActiveCfg = Debug|Any CPU
		{F036F230-3F69-409B-A2C5-6C8A1844A3BB}.Debug|ARM.Build.0 = Debug|Any CPU
		{F036F230-3F69-409B-A2C5-6C8A1844A3BB}.Debug|ARM.Deploy.0 = Debug|Any CPU
		{F036F230-3F69-409B-A2C5-6C8A1844A3BB}.Debug|iPhone.ActiveCfg = Debug|Any CPU
		{F036F230-3F69-409B-A2C5-6C8A1844A3BB}.Debug|iPhone.Build.0 = Debug|Any CPU
		{F036F230-3F69-409B-A2C5-6C8A1844A3BB}.Debug|iPhone.Deploy.0 = Debug|Any CPU
		{F036F230-3F69-409B-A2C5-6C8A1844A3BB}.Debug|iPhoneSimulator.ActiveCfg = Debug|Any CPU
		{F036F230-3F69-409B-A2C5-6C8A1844A3BB}.Debug|iPhoneSimulator.Build.0 = Debug|Any CPU
		{F036F230-3F69-409B-A2C5-6C8A1844A3BB}.Debug|iPhoneSimulator.Deploy.0 = Debug|Any CPU
		{F036F230-3F69-409B-A2C5-6C8A1844A3BB}.Debug|x64.ActiveCfg = Debug|Any CPU
		{F036F230-3F69-409B-A2C5-6C8A1844A3BB}.Debug|x64.Build.0 = Debug|Any CPU
		{F036F230-3F69-409B-A2C5-6C8A1844A3BB}.Debug|x64.Deploy.0 = Debug|Any CPU
		{F036F230-3F69-409B-A2C5-6C8A1844A3BB}.Debug|x86.ActiveCfg = Debug|Any CPU
		{F036F230-3F69-409B-A2C5-6C8A1844A3BB}.Debug|x86.Build.0 = Debug|Any CPU
		{F036F230-3F69-409B-A2C5-6C8A1844A3BB}.Debug|x86.Deploy.0 = Debug|Any CPU
		{F036F230-3F69-409B-A2C5-6C8A1844A3BB}.Release|Any CPU.ActiveCfg = Release|Any CPU
		{F036F230-3F69-409B-A2C5-6C8A1844A3BB}.Release|Any CPU.Build.0 = Release|Any CPU
		{F036F230-3F69-409B-A2C5-6C8A1844A3BB}.Release|Any CPU.Deploy.0 = Release|Any CPU
		{F036F230-3F69-409B-A2C5-6C8A1844A3BB}.Release|ARM.ActiveCfg = Release|Any CPU
		{F036F230-3F69-409B-A2C5-6C8A1844A3BB}.Release|ARM.Build.0 = Release|Any CPU
		{F036F230-3F69-409B-A2C5-6C8A1844A3BB}.Release|ARM.Deploy.0 = Release|Any CPU
		{F036F230-3F69-409B-A2C5-6C8A1844A3BB}.Release|iPhone.ActiveCfg = Release|Any CPU
		{F036F230-3F69-409B-A2C5-6C8A1844A3BB}.Release|iPhone.Build.0 = Release|Any CPU
		{F036F230-3F69-409B-A2C5-6C8A1844A3BB}.Release|iPhone.Deploy.0 = Release|Any CPU
		{F036F230-3F69-409B-A2C5-6C8A1844A3BB}.Release|iPhoneSimulator.ActiveCfg = Release|Any CPU
		{F036F230-3F69-409B-A2C5-6C8A1844A3BB}.Release|iPhoneSimulator.Build.0 = Release|Any CPU
		{F036F230-3F69-409B-A2C5-6C8A1844A3BB}.Release|iPhoneSimulator.Deploy.0 = Release|Any CPU
		{F036F230-3F69-409B-A2C5-6C8A1844A3BB}.Release|x64.ActiveCfg = Release|Any CPU
		{F036F230-3F69-409B-A2C5-6C8A1844A3BB}.Release|x64.Build.0 = Release|Any CPU
		{F036F230-3F69-409B-A2C5-6C8A1844A3BB}.Release|x64.Deploy.0 = Release|Any CPU
		{F036F230-3F69-409B-A2C5-6C8A1844A3BB}.Release|x86.ActiveCfg = Release|Any CPU
		{F036F230-3F69-409B-A2C5-6C8A1844A3BB}.Release|x86.Build.0 = Release|Any CPU
		{F036F230-3F69-409B-A2C5-6C8A1844A3BB}.Release|x86.Deploy.0 = Release|Any CPU
	EndGlobalSection
	GlobalSection(SolutionProperties) = preSolution
		HideSolutionNode = FALSE
	EndGlobalSection
	GlobalSection(ExtensibilityGlobals) = postSolution
		SolutionGuid = {3A3CB430-4D6E-421E-9DE6-7C55169CFBAC}
	EndGlobalSection
EndGlobal
