
Microsoft Visual Studio Solution File, Format Version 12.00
# Visual Studio Version 17
VisualStudioVersion = 17.6.33417.168
MinimumVisualStudioVersion = 10.0.40219.1
Project("{FAE04EC0-301F-11D3-BF4B-00C04F79EFBC}") = "Cinemix.UWP", "Cinemix.UWP\Cinemix.UWP.csproj", "{B45A00FE-F8E9-4997-95A0-7EC1B6C9709E}"
EndProject
Project("{FAE04EC0-301F-11D3-BF4B-00C04F79EFBC}") = "Cinemix.Android", "Cinemix.Android\Cinemix.Android.csproj", "{19AFE11A-2ABF-4E85-B02D-4F4F8DA52941}"
EndProject
Project("{FAE04EC0-301F-11D3-BF4B-00C04F79EFBC}") = "Cinemix.iOS", "Cinemix.iOS\Cinemix.iOS.csproj", "{FC013B4F-6492-410A-A9F9-46B78EE206E7}"
EndProject
Project("{FAE04EC0-301F-11D3-BF4B-00C04F79EFBC}") = "Cinemix", "Cinemix\Cinemix.csproj", "{D47F7458-2E92-406E-914B-E7AF5A056D5C}"
EndProject
Global
	GlobalSection(SolutionConfigurationPlatforms) = preSolution
		Debug|Any CPU = Debug|Any CPU
		Debug|ARM = Debug|ARM
		Debug|iPhone = Debug|iPhone
		Debug|iPhoneSimulator = Debug|iPhoneSimulator
		Debug|x64 = Debug|x64
		Debug|x86 = Debug|x86
		Release|Any CPU = Release|Any CPU
		Release|ARM = Release|ARM
		Release|iPhone = Release|iPhone
		Release|iPhoneSimulator = Release|iPhoneSimulator
		Release|x64 = Release|x64
		Release|x86 = Release|x86
	EndGlobalSection
	GlobalSection(ProjectConfigurationPlatforms) = postSolution
		{B45A00FE-F8E9-4997-95A0-7EC1B6C9709E}.Debug|Any CPU.ActiveCfg = Debug|x64
		{B45A00FE-F8E9-4997-95A0-7EC1B6C9709E}.Debug|Any CPU.Build.0 = Debug|x64
		{B45A00FE-F8E9-4997-95A0-7EC1B6C9709E}.Debug|Any CPU.Deploy.0 = Debug|x64
		{B45A00FE-F8E9-4997-95A0-7EC1B6C9709E}.Debug|ARM.ActiveCfg = Debug|ARM
		{B45A00FE-F8E9-4997-95A0-7EC1B6C9709E}.Debug|ARM.Build.0 = Debug|ARM
		{B45A00FE-F8E9-4997-95A0-7EC1B6C9709E}.Debug|ARM.Deploy.0 = Debug|ARM
		{B45A00FE-F8E9-4997-95A0-7EC1B6C9709E}.Debug|iPhone.ActiveCfg = Debug|x64
		{B45A00FE-F8E9-4997-95A0-7EC1B6C9709E}.Debug|iPhone.Build.0 = Debug|x64
		{B45A00FE-F8E9-4997-95A0-7EC1B6C9709E}.Debug|iPhone.Deploy.0 = Debug|x64
		{B45A00FE-F8E9-4997-95A0-7EC1B6C9709E}.Debug|iPhoneSimulator.ActiveCfg = Debug|x64
		{B45A00FE-F8E9-4997-95A0-7EC1B6C9709E}.Debug|iPhoneSimulator.Build.0 = Debug|x64
		{B45A00FE-F8E9-4997-95A0-7EC1B6C9709E}.Debug|iPhoneSimulator.Deploy.0 = Debug|x64
		{B45A00FE-F8E9-4997-95A0-7EC1B6C9709E}.Debug|x64.ActiveCfg = Debug|x64
		{B45A00FE-F8E9-4997-95A0-7EC1B6C9709E}.Debug|x64.Build.0 = Debug|x64
		{B45A00FE-F8E9-4997-95A0-7EC1B6C9709E}.Debug|x64.Deploy.0 = Debug|x64
		{B45A00FE-F8E9-4997-95A0-7EC1B6C9709E}.Debug|x86.ActiveCfg = Debug|x86
		{B45A00FE-F8E9-4997-95A0-7EC1B6C9709E}.Debug|x86.Build.0 = Debug|x86
		{B45A00FE-F8E9-4997-95A0-7EC1B6C9709E}.Debug|x86.Deploy.0 = Debug|x86
		{B45A00FE-F8E9-4997-95A0-7EC1B6C9709E}.Release|Any CPU.ActiveCfg = Release|x64
		{B45A00FE-F8E9-4997-95A0-7EC1B6C9709E}.Release|Any CPU.Build.0 = Release|x64
		{B45A00FE-F8E9-4997-95A0-7EC1B6C9709E}.Release|Any CPU.Deploy.0 = Release|x64
		{B45A00FE-F8E9-4997-95A0-7EC1B6C9709E}.Release|ARM.ActiveCfg = Release|ARM
		{B45A00FE-F8E9-4997-95A0-7EC1B6C9709E}.Release|ARM.Build.0 = Release|ARM
		{B45A00FE-F8E9-4997-95A0-7EC1B6C9709E}.Release|ARM.Deploy.0 = Release|ARM
		{B45A00FE-F8E9-4997-95A0-7EC1B6C9709E}.Release|iPhone.ActiveCfg = Release|x64
		{B45A00FE-F8E9-4997-95A0-7EC1B6C9709E}.Release|iPhone.Build.0 = Release|x64
		{B45A00FE-F8E9-4997-95A0-7EC1B6C9709E}.Release|iPhone.Deploy.0 = Release|x64
		{B45A00FE-F8E9-4997-95A0-7EC1B6C9709E}.Release|iPhoneSimulator.ActiveCfg = Release|x64
		{B45A00FE-F8E9-4997-95A0-7EC1B6C9709E}.Release|iPhoneSimulator.Build.0 = Release|x64
		{B45A00FE-F8E9-4997-95A0-7EC1B6C9709E}.Release|iPhoneSimulator.Deploy.0 = Release|x64
		{B45A00FE-F8E9-4997-95A0-7EC1B6C9709E}.Release|x64.ActiveCfg = Release|x64
		{B45A00FE-F8E9-4997-95A0-7EC1B6C9709E}.Release|x64.Build.0 = Release|x64
		{B45A00FE-F8E9-4997-95A0-7EC1B6C9709E}.Release|x64.Deploy.0 = Release|x64
		{B45A00FE-F8E9-4997-95A0-7EC1B6C9709E}.Release|x86.ActiveCfg = Release|x86
		{B45A00FE-F8E9-4997-95A0-7EC1B6C9709E}.Release|x86.Build.0 = Release|x86
		{B45A00FE-F8E9-4997-95A0-7EC1B6C9709E}.Release|x86.Deploy.0 = Release|x86
		{19AFE11A-2ABF-4E85-B02D-4F4F8DA52941}.Debug|Any CPU.ActiveCfg = Debug|Any CPU
		{19AFE11A-2ABF-4E85-B02D-4F4F8DA52941}.Debug|Any CPU.Build.0 = Debug|Any CPU
		{19AFE11A-2ABF-4E85-B02D-4F4F8DA52941}.Debug|Any CPU.Deploy.0 = Debug|Any CPU
		{19AFE11A-2ABF-4E85-B02D-4F4F8DA52941}.Debug|ARM.ActiveCfg = Debug|Any CPU
		{19AFE11A-2ABF-4E85-B02D-4F4F8DA52941}.Debug|ARM.Build.0 = Debug|Any CPU
		{19AFE11A-2ABF-4E85-B02D-4F4F8DA52941}.Debug|ARM.Deploy.0 = Debug|Any CPU
		{19AFE11A-2ABF-4E85-B02D-4F4F8DA52941}.Debug|iPhone.ActiveCfg = Debug|Any CPU
		{19AFE11A-2ABF-4E85-B02D-4F4F8DA52941}.Debug|iPhone.Build.0 = Debug|Any CPU
		{19AFE11A-2ABF-4E85-B02D-4F4F8DA52941}.Debug|iPhone.Deploy.0 = Debug|Any CPU
		{19AFE11A-2ABF-4E85-B02D-4F4F8DA52941}.Debug|iPhoneSimulator.ActiveCfg = Debug|Any CPU
		{19AFE11A-2ABF-4E85-B02D-4F4F8DA52941}.Debug|iPhoneSimulator.Build.0 = Debug|Any CPU
		{19AFE11A-2ABF-4E85-B02D-4F4F8DA52941}.Debug|iPhoneSimulator.Deploy.0 = Debug|Any CPU
		{19AFE11A-2ABF-4E85-B02D-4F4F8DA52941}.Debug|x64.ActiveCfg = Debug|Any CPU
		{19AFE11A-2ABF-4E85-B02D-4F4F8DA52941}.Debug|x64.Build.0 = Debug|Any CPU
		{19AFE11A-2ABF-4E85-B02D-4F4F8DA52941}.Debug|x64.Deploy.0 = Debug|Any CPU
		{19AFE11A-2ABF-4E85-B02D-4F4F8DA52941}.Debug|x86.ActiveCfg = Debug|Any CPU
		{19AFE11A-2ABF-4E85-B02D-4F4F8DA52941}.Debug|x86.Build.0 = Debug|Any CPU
		{19AFE11A-2ABF-4E85-B02D-4F4F8DA52941}.Debug|x86.Deploy.0 = Debug|Any CPU
		{19AFE11A-2ABF-4E85-B02D-4F4F8DA52941}.Release|Any CPU.ActiveCfg = Release|Any CPU
		{19AFE11A-2ABF-4E85-B02D-4F4F8DA52941}.Release|Any CPU.Build.0 = Release|Any CPU
		{19AFE11A-2ABF-4E85-B02D-4F4F8DA52941}.Release|Any CPU.Deploy.0 = Release|Any CPU
		{19AFE11A-2ABF-4E85-B02D-4F4F8DA52941}.Release|ARM.ActiveCfg = Release|Any CPU
		{19AFE11A-2ABF-4E85-B02D-4F4F8DA52941}.Release|ARM.Build.0 = Release|Any CPU
		{19AFE11A-2ABF-4E85-B02D-4F4F8DA52941}.Release|ARM.Deploy.0 = Release|Any CPU
		{19AFE11A-2ABF-4E85-B02D-4F4F8DA52941}.Release|iPhone.ActiveCfg = Release|Any CPU
		{19AFE11A-2ABF-4E85-B02D-4F4F8DA52941}.Release|iPhone.Build.0 = Release|Any CPU
		{19AFE11A-2ABF-4E85-B02D-4F4F8DA52941}.Release|iPhone.Deploy.0 = Release|Any CPU
		{19AFE11A-2ABF-4E85-B02D-4F4F8DA52941}.Release|iPhoneSimulator.ActiveCfg = Release|Any CPU
		{19AFE11A-2ABF-4E85-B02D-4F4F8DA52941}.Release|iPhoneSimulator.Build.0 = Release|Any CPU
		{19AFE11A-2ABF-4E85-B02D-4F4F8DA52941}.Release|iPhoneSimulator.Deploy.0 = Release|Any CPU
		{19AFE11A-2ABF-4E85-B02D-4F4F8DA52941}.Release|x64.ActiveCfg = Release|Any CPU
		{19AFE11A-2ABF-4E85-B02D-4F4F8DA52941}.Release|x64.Build.0 = Release|Any CPU
		{19AFE11A-2ABF-4E85-B02D-4F4F8DA52941}.Release|x64.Deploy.0 = Release|Any CPU
		{19AFE11A-2ABF-4E85-B02D-4F4F8DA52941}.Release|x86.ActiveCfg = Release|Any CPU
		{19AFE11A-2ABF-4E85-B02D-4F4F8DA52941}.Release|x86.Build.0 = Release|Any CPU
		{19AFE11A-2ABF-4E85-B02D-4F4F8DA52941}.Release|x86.Deploy.0 = Release|Any CPU
		{FC013B4F-6492-410A-A9F9-46B78EE206E7}.Debug|Any CPU.ActiveCfg = Debug|iPhoneSimulator
		{FC013B4F-6492-410A-A9F9-46B78EE206E7}.Debug|Any CPU.Build.0 = Debug|iPhoneSimulator
		{FC013B4F-6492-410A-A9F9-46B78EE206E7}.Debug|Any CPU.Deploy.0 = Debug|iPhoneSimulator
		{FC013B4F-6492-410A-A9F9-46B78EE206E7}.Debug|ARM.ActiveCfg = Debug|iPhoneSimulator
		{FC013B4F-6492-410A-A9F9-46B78EE206E7}.Debug|ARM.Build.0 = Debug|iPhoneSimulator
		{FC013B4F-6492-410A-A9F9-46B78EE206E7}.Debug|ARM.Deploy.0 = Debug|iPhoneSimulator
		{FC013B4F-6492-410A-A9F9-46B78EE206E7}.Debug|iPhone.ActiveCfg = Debug|iPhone
		{FC013B4F-6492-410A-A9F9-46B78EE206E7}.Debug|iPhone.Build.0 = Debug|iPhone
		{FC013B4F-6492-410A-A9F9-46B78EE206E7}.Debug|iPhone.Deploy.0 = Debug|iPhone
		{FC013B4F-6492-410A-A9F9-46B78EE206E7}.Debug|iPhoneSimulator.ActiveCfg = Debug|iPhoneSimulator
		{FC013B4F-6492-410A-A9F9-46B78EE206E7}.Debug|iPhoneSimulator.Build.0 = Debug|iPhoneSimulator
		{FC013B4F-6492-410A-A9F9-46B78EE206E7}.Debug|iPhoneSimulator.Deploy.0 = Debug|iPhoneSimulator
		{FC013B4F-6492-410A-A9F9-46B78EE206E7}.Debug|x64.ActiveCfg = Debug|iPhone
		{FC013B4F-6492-410A-A9F9-46B78EE206E7}.Debug|x64.Build.0 = Debug|iPhone
		{FC013B4F-6492-410A-A9F9-46B78EE206E7}.Debug|x64.Deploy.0 = Debug|iPhone
		{FC013B4F-6492-410A-A9F9-46B78EE206E7}.Debug|x86.ActiveCfg = Debug|iPhoneSimulator
		{FC013B4F-6492-410A-A9F9-46B78EE206E7}.Debug|x86.Build.0 = Debug|iPhoneSimulator
		{FC013B4F-6492-410A-A9F9-46B78EE206E7}.Debug|x86.Deploy.0 = Debug|iPhoneSimulator
		{FC013B4F-6492-410A-A9F9-46B78EE206E7}.Release|Any CPU.ActiveCfg = Release|iPhoneSimulator
		{FC013B4F-6492-410A-A9F9-46B78EE206E7}.Release|Any CPU.Build.0 = Release|iPhoneSimulator
		{FC013B4F-6492-410A-A9F9-46B78EE206E7}.Release|Any CPU.Deploy.0 = Release|iPhoneSimulator
		{FC013B4F-6492-410A-A9F9-46B78EE206E7}.Release|ARM.ActiveCfg = Release|iPhoneSimulator
		{FC013B4F-6492-410A-A9F9-46B78EE206E7}.Release|ARM.Build.0 = Release|iPhoneSimulator
		{FC013B4F-6492-410A-A9F9-46B78EE206E7}.Release|ARM.Deploy.0 = Release|iPhoneSimulator
		{FC013B4F-6492-410A-A9F9-46B78EE206E7}.Release|iPhone.ActiveCfg = Release|iPhone
		{FC013B4F-6492-410A-A9F9-46B78EE206E7}.Release|iPhone.Build.0 = Release|iPhone
		{FC013B4F-6492-410A-A9F9-46B78EE206E7}.Release|iPhone.Deploy.0 = Release|iPhone
		{FC013B4F-6492-410A-A9F9-46B78EE206E7}.Release|iPhoneSimulator.ActiveCfg = Release|iPhoneSimulator
		{FC013B4F-6492-410A-A9F9-46B78EE206E7}.Release|iPhoneSimulator.Build.0 = Release|iPhoneSimulator
		{FC013B4F-6492-410A-A9F9-46B78EE206E7}.Release|iPhoneSimulator.Deploy.0 = Release|iPhoneSimulator
		{FC013B4F-6492-410A-A9F9-46B78EE206E7}.Release|x64.ActiveCfg = Release|iPhoneSimulator
		{FC013B4F-6492-410A-A9F9-46B78EE206E7}.Release|x64.Build.0 = Release|iPhoneSimulator
		{FC013B4F-6492-410A-A9F9-46B78EE206E7}.Release|x64.Deploy.0 = Release|iPhoneSimulator
		{FC013B4F-6492-410A-A9F9-46B78EE206E7}.Release|x86.ActiveCfg = Release|iPhoneSimulator
		{FC013B4F-6492-410A-A9F9-46B78EE206E7}.Release|x86.Build.0 = Release|iPhoneSimulator
		{FC013B4F-6492-410A-A9F9-46B78EE206E7}.Release|x86.Deploy.0 = Release|iPhoneSimulator
		{D47F7458-2E92-406E-914B-E7AF5A056D5C}.Debug|Any CPU.ActiveCfg = Debug|Any CPU
		{D47F7458-2E92-406E-914B-E7AF5A056D5C}.Debug|Any CPU.Build.0 = Debug|Any CPU
		{D47F7458-2E92-406E-914B-E7AF5A056D5C}.Debug|Any CPU.Deploy.0 = Debug|Any CPU
		{D47F7458-2E92-406E-914B-E7AF5A056D5C}.Debug|ARM.ActiveCfg = Debug|Any CPU
		{D47F7458-2E92-406E-914B-E7AF5A056D5C}.Debug|ARM.Build.0 = Debug|Any CPU
		{D47F7458-2E92-406E-914B-E7AF5A056D5C}.Debug|ARM.Deploy.0 = Debug|Any CPU
		{D47F7458-2E92-406E-914B-E7AF5A056D5C}.Debug|iPhone.ActiveCfg = Debug|Any CPU
		{D47F7458-2E92-406E-914B-E7AF5A056D5C}.Debug|iPhone.Build.0 = Debug|Any CPU
		{D47F7458-2E92-406E-914B-E7AF5A056D5C}.Debug|iPhone.Deploy.0 = Debug|Any CPU
		{D47F7458-2E92-406E-914B-E7AF5A056D5C}.Debug|iPhoneSimulator.ActiveCfg = Debug|Any CPU
		{D47F7458-2E92-406E-914B-E7AF5A056D5C}.Debug|iPhoneSimulator.Build.0 = Debug|Any CPU
		{D47F7458-2E92-406E-914B-E7AF5A056D5C}.Debug|iPhoneSimulator.Deploy.0 = Debug|Any CPU
		{D47F7458-2E92-406E-914B-E7AF5A056D5C}.Debug|x64.ActiveCfg = Debug|Any CPU
		{D47F7458-2E92-406E-914B-E7AF5A056D5C}.Debug|x64.Build.0 = Debug|Any CPU
		{D47F7458-2E92-406E-914B-E7AF5A056D5C}.Debug|x64.Deploy.0 = Debug|Any CPU
		{D47F7458-2E92-406E-914B-E7AF5A056D5C}.Debug|x86.ActiveCfg = Debug|Any CPU
		{D47F7458-2E92-406E-914B-E7AF5A056D5C}.Debug|x86.Build.0 = Debug|Any CPU
		{D47F7458-2E92-406E-914B-E7AF5A056D5C}.Debug|x86.Deploy.0 = Debug|Any CPU
		{D47F7458-2E92-406E-914B-E7AF5A056D5C}.Release|Any CPU.ActiveCfg = Release|Any CPU
		{D47F7458-2E92-406E-914B-E7AF5A056D5C}.Release|Any CPU.Build.0 = Release|Any CPU
		{D47F7458-2E92-406E-914B-E7AF5A056D5C}.Release|Any CPU.Deploy.0 = Release|Any CPU
		{D47F7458-2E92-406E-914B-E7AF5A056D5C}.Release|ARM.ActiveCfg = Release|Any CPU
		{D47F7458-2E92-406E-914B-E7AF5A056D5C}.Release|ARM.Build.0 = Release|Any CPU
		{D47F7458-2E92-406E-914B-E7AF5A056D5C}.Release|ARM.Deploy.0 = Release|Any CPU
		{D47F7458-2E92-406E-914B-E7AF5A056D5C}.Release|iPhone.ActiveCfg = Release|Any CPU
		{D47F7458-2E92-406E-914B-E7AF5A056D5C}.Release|iPhone.Build.0 = Release|Any CPU
		{D47F7458-2E92-406E-914B-E7AF5A056D5C}.Release|iPhone.Deploy.0 = Release|Any CPU
		{D47F7458-2E92-406E-914B-E7AF5A056D5C}.Release|iPhoneSimulator.ActiveCfg = Release|Any CPU
		{D47F7458-2E92-406E-914B-E7AF5A056D5C}.Release|iPhoneSimulator.Build.0 = Release|Any CPU
		{D47F7458-2E92-406E-914B-E7AF5A056D5C}.Release|iPhoneSimulator.Deploy.0 = Release|Any CPU
		{D47F7458-2E92-406E-914B-E7AF5A056D5C}.Release|x64.ActiveCfg = Release|Any CPU
		{D47F7458-2E92-406E-914B-E7AF5A056D5C}.Release|x64.Build.0 = Release|Any CPU
		{D47F7458-2E92-406E-914B-E7AF5A056D5C}.Release|x64.Deploy.0 = Release|Any CPU
		{D47F7458-2E92-406E-914B-E7AF5A056D5C}.Release|x86.ActiveCfg = Release|Any CPU
		{D47F7458-2E92-406E-914B-E7AF5A056D5C}.Release|x86.Build.0 = Release|Any CPU
		{D47F7458-2E92-406E-914B-E7AF5A056D5C}.Release|x86.Deploy.0 = Release|Any CPU
	EndGlobalSection
	GlobalSection(SolutionProperties) = preSolution
		HideSolutionNode = FALSE
	EndGlobalSection
	GlobalSection(ExtensibilityGlobals) = postSolution
		SolutionGuid = {BDA44736-6151-412D-9206-D6DC758D3B61}
	EndGlobalSection
EndGlobal
