
Microsoft Visual Studio Solution File, Format Version 12.00
# Visual Studio Version 17
VisualStudioVersion = 17.4.33205.214
MinimumVisualStudioVersion = 10.0.40219.1
Project("{FAE04EC0-301F-11D3-BF4B-00C04F79EFBC}") = "XamCell.UWP", "XamCell.UWP\XamCell.UWP.csproj", "{D9544F7B-BB06-4373-880D-111B380EE765}"
EndProject
Project("{FAE04EC0-301F-11D3-BF4B-00C04F79EFBC}") = "XamCell.Android", "XamCell.Android\XamCell.Android.csproj", "{0F7CE19E-C6E7-404B-93B4-D20138E18944}"
EndProject
Project("{FAE04EC0-301F-11D3-BF4B-00C04F79EFBC}") = "XamCell.iOS", "XamCell.iOS\XamCell.iOS.csproj", "{565FE524-8363-4A8C-9845-24605B14887E}"
EndProject
Project("{FAE04EC0-301F-11D3-BF4B-00C04F79EFBC}") = "XamCell", "XamCell\XamCell.csproj", "{D4658580-2400-4954-8047-39EFC987E052}"
EndProject
Global
	GlobalSection(SolutionConfigurationPlatforms) = preSolution
		Debug|Any CPU = Debug|Any CPU
		Debug|ARM = Debug|ARM
		Debug|iPhone = Debug|iPhone
		Debug|iPhoneSimulator = Debug|iPhoneSimulator
		Debug|x64 = Debug|x64
		Debug|x86 = Debug|x86
		Release|Any CPU = Release|Any CPU
		Release|ARM = Release|ARM
		Release|iPhone = Release|iPhone
		Release|iPhoneSimulator = Release|iPhoneSimulator
		Release|x64 = Release|x64
		Release|x86 = Release|x86
	EndGlobalSection
	GlobalSection(ProjectConfigurationPlatforms) = postSolution
		{D9544F7B-BB06-4373-880D-111B380EE765}.Debug|Any CPU.ActiveCfg = Debug|x64
		{D9544F7B-BB06-4373-880D-111B380EE765}.Debug|Any CPU.Build.0 = Debug|x64
		{D9544F7B-BB06-4373-880D-111B380EE765}.Debug|Any CPU.Deploy.0 = Debug|x64
		{D9544F7B-BB06-4373-880D-111B380EE765}.Debug|ARM.ActiveCfg = Debug|ARM
		{D9544F7B-BB06-4373-880D-111B380EE765}.Debug|ARM.Build.0 = Debug|ARM
		{D9544F7B-BB06-4373-880D-111B380EE765}.Debug|ARM.Deploy.0 = Debug|ARM
		{D9544F7B-BB06-4373-880D-111B380EE765}.Debug|iPhone.ActiveCfg = Debug|x64
		{D9544F7B-BB06-4373-880D-111B380EE765}.Debug|iPhone.Build.0 = Debug|x64
		{D9544F7B-BB06-4373-880D-111B380EE765}.Debug|iPhone.Deploy.0 = Debug|x64
		{D9544F7B-BB06-4373-880D-111B380EE765}.Debug|iPhoneSimulator.ActiveCfg = Debug|x64
		{D9544F7B-BB06-4373-880D-111B380EE765}.Debug|iPhoneSimulator.Build.0 = Debug|x64
		{D9544F7B-BB06-4373-880D-111B380EE765}.Debug|iPhoneSimulator.Deploy.0 = Debug|x64
		{D9544F7B-BB06-4373-880D-111B380EE765}.Debug|x64.ActiveCfg = Debug|x64
		{D9544F7B-BB06-4373-880D-111B380EE765}.Debug|x64.Build.0 = Debug|x64
		{D9544F7B-BB06-4373-880D-111B380EE765}.Debug|x64.Deploy.0 = Debug|x64
		{D9544F7B-BB06-4373-880D-111B380EE765}.Debug|x86.ActiveCfg = Debug|x86
		{D9544F7B-BB06-4373-880D-111B380EE765}.Debug|x86.Build.0 = Debug|x86
		{D9544F7B-BB06-4373-880D-111B380EE765}.Debug|x86.Deploy.0 = Debug|x86
		{D9544F7B-BB06-4373-880D-111B380EE765}.Release|Any CPU.ActiveCfg = Release|x64
		{D9544F7B-BB06-4373-880D-111B380EE765}.Release|Any CPU.Build.0 = Release|x64
		{D9544F7B-BB06-4373-880D-111B380EE765}.Release|Any CPU.Deploy.0 = Release|x64
		{D9544F7B-BB06-4373-880D-111B380EE765}.Release|ARM.ActiveCfg = Release|ARM
		{D9544F7B-BB06-4373-880D-111B380EE765}.Release|ARM.Build.0 = Release|ARM
		{D9544F7B-BB06-4373-880D-111B380EE765}.Release|ARM.Deploy.0 = Release|ARM
		{D9544F7B-BB06-4373-880D-111B380EE765}.Release|iPhone.ActiveCfg = Release|x64
		{D9544F7B-BB06-4373-880D-111B380EE765}.Release|iPhone.Build.0 = Release|x64
		{D9544F7B-BB06-4373-880D-111B380EE765}.Release|iPhone.Deploy.0 = Release|x64
		{D9544F7B-BB06-4373-880D-111B380EE765}.Release|iPhoneSimulator.ActiveCfg = Release|x64
		{D9544F7B-BB06-4373-880D-111B380EE765}.Release|iPhoneSimulator.Build.0 = Release|x64
		{D9544F7B-BB06-4373-880D-111B380EE765}.Release|iPhoneSimulator.Deploy.0 = Release|x64
		{D9544F7B-BB06-4373-880D-111B380EE765}.Release|x64.ActiveCfg = Release|x64
		{D9544F7B-BB06-4373-880D-111B380EE765}.Release|x64.Build.0 = Release|x64
		{D9544F7B-BB06-4373-880D-111B380EE765}.Release|x64.Deploy.0 = Release|x64
		{D9544F7B-BB06-4373-880D-111B380EE765}.Release|x86.ActiveCfg = Release|x86
		{D9544F7B-BB06-4373-880D-111B380EE765}.Release|x86.Build.0 = Release|x86
		{D9544F7B-BB06-4373-880D-111B380EE765}.Release|x86.Deploy.0 = Release|x86
		{0F7CE19E-C6E7-404B-93B4-D20138E18944}.Debug|Any CPU.ActiveCfg = Debug|Any CPU
		{0F7CE19E-C6E7-404B-93B4-D20138E18944}.Debug|Any CPU.Build.0 = Debug|Any CPU
		{0F7CE19E-C6E7-404B-93B4-D20138E18944}.Debug|Any CPU.Deploy.0 = Debug|Any CPU
		{0F7CE19E-C6E7-404B-93B4-D20138E18944}.Debug|ARM.ActiveCfg = Debug|Any CPU
		{0F7CE19E-C6E7-404B-93B4-D20138E18944}.Debug|ARM.Build.0 = Debug|Any CPU
		{0F7CE19E-C6E7-404B-93B4-D20138E18944}.Debug|ARM.Deploy.0 = Debug|Any CPU
		{0F7CE19E-C6E7-404B-93B4-D20138E18944}.Debug|iPhone.ActiveCfg = Debug|Any CPU
		{0F7CE19E-C6E7-404B-93B4-D20138E18944}.Debug|iPhone.Build.0 = Debug|Any CPU
		{0F7CE19E-C6E7-404B-93B4-D20138E18944}.Debug|iPhone.Deploy.0 = Debug|Any CPU
		{0F7CE19E-C6E7-404B-93B4-D20138E18944}.Debug|iPhoneSimulator.ActiveCfg = Debug|Any CPU
		{0F7CE19E-C6E7-404B-93B4-D20138E18944}.Debug|iPhoneSimulator.Build.0 = Debug|Any CPU
		{0F7CE19E-C6E7-404B-93B4-D20138E18944}.Debug|iPhoneSimulator.Deploy.0 = Debug|Any CPU
		{0F7CE19E-C6E7-404B-93B4-D20138E18944}.Debug|x64.ActiveCfg = Debug|Any CPU
		{0F7CE19E-C6E7-404B-93B4-D20138E18944}.Debug|x64.Build.0 = Debug|Any CPU
		{0F7CE19E-C6E7-404B-93B4-D20138E18944}.Debug|x64.Deploy.0 = Debug|Any CPU
		{0F7CE19E-C6E7-404B-93B4-D20138E18944}.Debug|x86.ActiveCfg = Debug|Any CPU
		{0F7CE19E-C6E7-404B-93B4-D20138E18944}.Debug|x86.Build.0 = Debug|Any CPU
		{0F7CE19E-C6E7-404B-93B4-D20138E18944}.Debug|x86.Deploy.0 = Debug|Any CPU
		{0F7CE19E-C6E7-404B-93B4-D20138E18944}.Release|Any CPU.ActiveCfg = Release|Any CPU
		{0F7CE19E-C6E7-404B-93B4-D20138E18944}.Release|Any CPU.Build.0 = Release|Any CPU
		{0F7CE19E-C6E7-404B-93B4-D20138E18944}.Release|Any CPU.Deploy.0 = Release|Any CPU
		{0F7CE19E-C6E7-404B-93B4-D20138E18944}.Release|ARM.ActiveCfg = Release|Any CPU
		{0F7CE19E-C6E7-404B-93B4-D20138E18944}.Release|ARM.Build.0 = Release|Any CPU
		{0F7CE19E-C6E7-404B-93B4-D20138E18944}.Release|ARM.Deploy.0 = Release|Any CPU
		{0F7CE19E-C6E7-404B-93B4-D20138E18944}.Release|iPhone.ActiveCfg = Release|Any CPU
		{0F7CE19E-C6E7-404B-93B4-D20138E18944}.Release|iPhone.Build.0 = Release|Any CPU
		{0F7CE19E-C6E7-404B-93B4-D20138E18944}.Release|iPhone.Deploy.0 = Release|Any CPU
		{0F7CE19E-C6E7-404B-93B4-D20138E18944}.Release|iPhoneSimulator.ActiveCfg = Release|Any CPU
		{0F7CE19E-C6E7-404B-93B4-D20138E18944}.Release|iPhoneSimulator.Build.0 = Release|Any CPU
		{0F7CE19E-C6E7-404B-93B4-D20138E18944}.Release|iPhoneSimulator.Deploy.0 = Release|Any CPU
		{0F7CE19E-C6E7-404B-93B4-D20138E18944}.Release|x64.ActiveCfg = Release|Any CPU
		{0F7CE19E-C6E7-404B-93B4-D20138E18944}.Release|x64.Build.0 = Release|Any CPU
		{0F7CE19E-C6E7-404B-93B4-D20138E18944}.Release|x64.Deploy.0 = Release|Any CPU
		{0F7CE19E-C6E7-404B-93B4-D20138E18944}.Release|x86.ActiveCfg = Release|Any CPU
		{0F7CE19E-C6E7-404B-93B4-D20138E18944}.Release|x86.Build.0 = Release|Any CPU
		{0F7CE19E-C6E7-404B-93B4-D20138E18944}.Release|x86.Deploy.0 = Release|Any CPU
		{565FE524-8363-4A8C-9845-24605B14887E}.Debug|Any CPU.ActiveCfg = Debug|iPhoneSimulator
		{565FE524-8363-4A8C-9845-24605B14887E}.Debug|Any CPU.Build.0 = Debug|iPhoneSimulator
		{565FE524-8363-4A8C-9845-24605B14887E}.Debug|Any CPU.Deploy.0 = Debug|iPhoneSimulator
		{565FE524-8363-4A8C-9845-24605B14887E}.Debug|ARM.ActiveCfg = Debug|iPhoneSimulator
		{565FE524-8363-4A8C-9845-24605B14887E}.Debug|ARM.Build.0 = Debug|iPhoneSimulator
		{565FE524-8363-4A8C-9845-24605B14887E}.Debug|ARM.Deploy.0 = Debug|iPhoneSimulator
		{565FE524-8363-4A8C-9845-24605B14887E}.Debug|iPhone.ActiveCfg = Debug|iPhone
		{565FE524-8363-4A8C-9845-24605B14887E}.Debug|iPhone.Build.0 = Debug|iPhone
		{565FE524-8363-4A8C-9845-24605B14887E}.Debug|iPhone.Deploy.0 = Debug|iPhone
		{565FE524-8363-4A8C-9845-24605B14887E}.Debug|iPhoneSimulator.ActiveCfg = Debug|iPhoneSimulator
		{565FE524-8363-4A8C-9845-24605B14887E}.Debug|iPhoneSimulator.Build.0 = Debug|iPhoneSimulator
		{565FE524-8363-4A8C-9845-24605B14887E}.Debug|iPhoneSimulator.Deploy.0 = Debug|iPhoneSimulator
		{565FE524-8363-4A8C-9845-24605B14887E}.Debug|x64.ActiveCfg = Debug|iPhone
		{565FE524-8363-4A8C-9845-24605B14887E}.Debug|x64.Build.0 = Debug|iPhone
		{565FE524-8363-4A8C-9845-24605B14887E}.Debug|x64.Deploy.0 = Debug|iPhone
		{565FE524-8363-4A8C-9845-24605B14887E}.Debug|x86.ActiveCfg = Debug|iPhoneSimulator
		{565FE524-8363-4A8C-9845-24605B14887E}.Debug|x86.Build.0 = Debug|iPhoneSimulator
		{565FE524-8363-4A8C-9845-24605B14887E}.Debug|x86.Deploy.0 = Debug|iPhoneSimulator
		{565FE524-8363-4A8C-9845-24605B14887E}.Release|Any CPU.ActiveCfg = Release|iPhoneSimulator
		{565FE524-8363-4A8C-9845-24605B14887E}.Release|Any CPU.Build.0 = Release|iPhoneSimulator
		{565FE524-8363-4A8C-9845-24605B14887E}.Release|Any CPU.Deploy.0 = Release|iPhoneSimulator
		{565FE524-8363-4A8C-9845-24605B14887E}.Release|ARM.ActiveCfg = Release|iPhoneSimulator
		{565FE524-8363-4A8C-9845-24605B14887E}.Release|ARM.Build.0 = Release|iPhoneSimulator
		{565FE524-8363-4A8C-9845-24605B14887E}.Release|ARM.Deploy.0 = Release|iPhoneSimulator
		{565FE524-8363-4A8C-9845-24605B14887E}.Release|iPhone.ActiveCfg = Release|iPhone
		{565FE524-8363-4A8C-9845-24605B14887E}.Release|iPhone.Build.0 = Release|iPhone
		{565FE524-8363-4A8C-9845-24605B14887E}.Release|iPhone.Deploy.0 = Release|iPhone
		{565FE524-8363-4A8C-9845-24605B14887E}.Release|iPhoneSimulator.ActiveCfg = Release|iPhoneSimulator
		{565FE524-8363-4A8C-9845-24605B14887E}.Release|iPhoneSimulator.Build.0 = Release|iPhoneSimulator
		{565FE524-8363-4A8C-9845-24605B14887E}.Release|iPhoneSimulator.Deploy.0 = Release|iPhoneSimulator
		{565FE524-8363-4A8C-9845-24605B14887E}.Release|x64.ActiveCfg = Release|iPhoneSimulator
		{565FE524-8363-4A8C-9845-24605B14887E}.Release|x64.Build.0 = Release|iPhoneSimulator
		{565FE524-8363-4A8C-9845-24605B14887E}.Release|x64.Deploy.0 = Release|iPhoneSimulator
		{565FE524-8363-4A8C-9845-24605B14887E}.Release|x86.ActiveCfg = Release|iPhoneSimulator
		{565FE524-8363-4A8C-9845-24605B14887E}.Release|x86.Build.0 = Release|iPhoneSimulator
		{565FE524-8363-4A8C-9845-24605B14887E}.Release|x86.Deploy.0 = Release|iPhoneSimulator
		{D4658580-2400-4954-8047-39EFC987E052}.Debug|Any CPU.ActiveCfg = Debug|Any CPU
		{D4658580-2400-4954-8047-39EFC987E052}.Debug|Any CPU.Build.0 = Debug|Any CPU
		{D4658580-2400-4954-8047-39EFC987E052}.Debug|Any CPU.Deploy.0 = Debug|Any CPU
		{D4658580-2400-4954-8047-39EFC987E052}.Debug|ARM.ActiveCfg = Debug|Any CPU
		{D4658580-2400-4954-8047-39EFC987E052}.Debug|ARM.Build.0 = Debug|Any CPU
		{D4658580-2400-4954-8047-39EFC987E052}.Debug|ARM.Deploy.0 = Debug|Any CPU
		{D4658580-2400-4954-8047-39EFC987E052}.Debug|iPhone.ActiveCfg = Debug|Any CPU
		{D4658580-2400-4954-8047-39EFC987E052}.Debug|iPhone.Build.0 = Debug|Any CPU
		{D4658580-2400-4954-8047-39EFC987E052}.Debug|iPhone.Deploy.0 = Debug|Any CPU
		{D4658580-2400-4954-8047-39EFC987E052}.Debug|iPhoneSimulator.ActiveCfg = Debug|Any CPU
		{D4658580-2400-4954-8047-39EFC987E052}.Debug|iPhoneSimulator.Build.0 = Debug|Any CPU
		{D4658580-2400-4954-8047-39EFC987E052}.Debug|iPhoneSimulator.Deploy.0 = Debug|Any CPU
		{D4658580-2400-4954-8047-39EFC987E052}.Debug|x64.ActiveCfg = Debug|Any CPU
		{D4658580-2400-4954-8047-39EFC987E052}.Debug|x64.Build.0 = Debug|Any CPU
		{D4658580-2400-4954-8047-39EFC987E052}.Debug|x64.Deploy.0 = Debug|Any CPU
		{D4658580-2400-4954-8047-39EFC987E052}.Debug|x86.ActiveCfg = Debug|Any CPU
		{D4658580-2400-4954-8047-39EFC987E052}.Debug|x86.Build.0 = Debug|Any CPU
		{D4658580-2400-4954-8047-39EFC987E052}.Debug|x86.Deploy.0 = Debug|Any CPU
		{D4658580-2400-4954-8047-39EFC987E052}.Release|Any CPU.ActiveCfg = Release|Any CPU
		{D4658580-2400-4954-8047-39EFC987E052}.Release|Any CPU.Build.0 = Release|Any CPU
		{D4658580-2400-4954-8047-39EFC987E052}.Release|Any CPU.Deploy.0 = Release|Any CPU
		{D4658580-2400-4954-8047-39EFC987E052}.Release|ARM.ActiveCfg = Release|Any CPU
		{D4658580-2400-4954-8047-39EFC987E052}.Release|ARM.Build.0 = Release|Any CPU
		{D4658580-2400-4954-8047-39EFC987E052}.Release|ARM.Deploy.0 = Release|Any CPU
		{D4658580-2400-4954-8047-39EFC987E052}.Release|iPhone.ActiveCfg = Release|Any CPU
		{D4658580-2400-4954-8047-39EFC987E052}.Release|iPhone.Build.0 = Release|Any CPU
		{D4658580-2400-4954-8047-39EFC987E052}.Release|iPhone.Deploy.0 = Release|Any CPU
		{D4658580-2400-4954-8047-39EFC987E052}.Release|iPhoneSimulator.ActiveCfg = Release|Any CPU
		{D4658580-2400-4954-8047-39EFC987E052}.Release|iPhoneSimulator.Build.0 = Release|Any CPU
		{D4658580-2400-4954-8047-39EFC987E052}.Release|iPhoneSimulator.Deploy.0 = Release|Any CPU
		{D4658580-2400-4954-8047-39EFC987E052}.Release|x64.ActiveCfg = Release|Any CPU
		{D4658580-2400-4954-8047-39EFC987E052}.Release|x64.Build.0 = Release|Any CPU
		{D4658580-2400-4954-8047-39EFC987E052}.Release|x64.Deploy.0 = Release|Any CPU
		{D4658580-2400-4954-8047-39EFC987E052}.Release|x86.ActiveCfg = Release|Any CPU
		{D4658580-2400-4954-8047-39EFC987E052}.Release|x86.Build.0 = Release|Any CPU
		{D4658580-2400-4954-8047-39EFC987E052}.Release|x86.Deploy.0 = Release|Any CPU
	EndGlobalSection
	GlobalSection(SolutionProperties) = preSolution
		HideSolutionNode = FALSE
	EndGlobalSection
	GlobalSection(ExtensibilityGlobals) = postSolution
		SolutionGuid = {5742A3D0-957A-417E-B6FC-B99D399E1197}
	EndGlobalSection
EndGlobal
